// !$*UTF8*$!
{
	archiveVersion = 1;
	classes = {
	};
	objectVersion = 56;
	objects = {

/* Begin PBXBuildFile section */
		FB2D10152CE277AA00F68207 /* WorksCollectionCell.swift in Sources */ = {isa = PBXBuildFile; fileRef = FB2D10142CE277AA00F68207 /* WorksCollectionCell.swift */; };
		FB3656332CD935FF0053D590 /* AppDelegate.swift in Sources */ = {isa = PBXBuildFile; fileRef = FB3656322CD935FF0053D590 /* AppDelegate.swift */; };
		FB3656352CD935FF0053D590 /* SceneDelegate.swift in Sources */ = {isa = PBXBuildFile; fileRef = FB3656342CD935FF0053D590 /* SceneDelegate.swift */; };
		FB3656372CD935FF0053D590 /* ViewController.swift in Sources */ = {isa = PBXBuildFile; fileRef = FB3656362CD935FF0053D590 /* ViewController.swift */; };
		FB36563A2CD935FF0053D590 /* Base in Resources */ = {isa = PBXBuildFile; fileRef = FB3656392CD935FF0053D590 /* Base */; };
		FB36563C2CD935FF0053D590 /* Assets.xcassets in Resources */ = {isa = PBXBuildFile; fileRef = FB36563B2CD935FF0053D590 /* Assets.xcassets */; };
		FB36563F2CD935FF0053D590 /* Base in Resources */ = {isa = PBXBuildFile; fileRef = FB36563E2CD935FF0053D590 /* Base */; };
		FB36564A2CD935FF0053D590 /* PFTests.swift in Sources */ = {isa = PBXBuildFile; fileRef = FB3656492CD935FF0053D590 /* PFTests.swift */; };
		FB3656542CD935FF0053D590 /* PFUITests.swift in Sources */ = {isa = PBXBuildFile; fileRef = FB3656532CD935FF0053D590 /* PFUITests.swift */; };
		FB3656562CD935FF0053D590 /* PFUITestsLaunchTests.swift in Sources */ = {isa = PBXBuildFile; fileRef = FB3656552CD935FF0053D590 /* PFUITestsLaunchTests.swift */; };
		FBED68212CDE765F00C0FDAA /* Works.swift in Sources */ = {isa = PBXBuildFile; fileRef = FBED68202CDE765F00C0FDAA /* Works.swift */; };
		FBED68232CDE776600C0FDAA /* Chapter.swift in Sources */ = {isa = PBXBuildFile; fileRef = FBED68222CDE776600C0FDAA /* Chapter.swift */; };
		FBED68252CDE77AE00C0FDAA /* User.swift in Sources */ = {isa = PBXBuildFile; fileRef = FBED68242CDE77AE00C0FDAA /* User.swift */; };
		FBED68272CDE7EA500C0FDAA /* Network.swift in Sources */ = {isa = PBXBuildFile; fileRef = FBED68262CDE7EA500C0FDAA /* Network.swift */; };
		FBED682B2CDE7F1F00C0FDAA /* SearchVM.swift in Sources */ = {isa = PBXBuildFile; fileRef = FBED682A2CDE7F1F00C0FDAA /* SearchVM.swift */; };
		FBED682D2CDE80E000C0FDAA /* SearchViewController.swift in Sources */ = {isa = PBXBuildFile; fileRef = FBED682C2CDE80E000C0FDAA /* SearchViewController.swift */; };
		FBED68312CDE81C300C0FDAA /* ResultsViewController.swift in Sources */ = {isa = PBXBuildFile; fileRef = FBED68302CDE81C300C0FDAA /* ResultsViewController.swift */; };
		FBED68332CDE821400C0FDAA /* WorkDetailViewModel.swift in Sources */ = {isa = PBXBuildFile; fileRef = FBED68322CDE821400C0FDAA /* WorkDetailViewModel.swift */; };
		FBED68352CDE827500C0FDAA /* WorkDetailViewController.swift in Sources */ = {isa = PBXBuildFile; fileRef = FBED68342CDE827500C0FDAA /* WorkDetailViewController.swift */; };
/* End PBXBuildFile section */

/* Begin PBXContainerItemProxy section */
		FB3656462CD935FF0053D590 /* PBXContainerItemProxy */ = {
			isa = PBXContainerItemProxy;
			containerPortal = FB3656272CD935FF0053D590 /* Project object */;
			proxyType = 1;
			remoteGlobalIDString = FB36562E2CD935FF0053D590;
			remoteInfo = PF;
		};
		FB3656502CD935FF0053D590 /* PBXContainerItemProxy */ = {
			isa = PBXContainerItemProxy;
			containerPortal = FB3656272CD935FF0053D590 /* Project object */;
			proxyType = 1;
			remoteGlobalIDString = FB36562E2CD935FF0053D590;
			remoteInfo = PF;
		};
/* End PBXContainerItemProxy section */

/* Begin PBXFileReference section */
		FB2D10142CE277AA00F68207 /* WorksCollectionCell.swift */ = {isa = PBXFileReference; lastKnownFileType = sourcecode.swift; path = WorksCollectionCell.swift; sourceTree = "<group>"; };
		FB36562F2CD935FF0053D590 /* PF.app */ = {isa = PBXFileReference; explicitFileType = wrapper.application; includeInIndex = 0; path = PF.app; sourceTree = BUILT_PRODUCTS_DIR; };
		FB3656322CD935FF0053D590 /* AppDelegate.swift */ = {isa = PBXFileReference; lastKnownFileType = sourcecode.swift; path = AppDelegate.swift; sourceTree = "<group>"; };
		FB3656342CD935FF0053D590 /* SceneDelegate.swift */ = {isa = PBXFileReference; lastKnownFileType = sourcecode.swift; path = SceneDelegate.swift; sourceTree = "<group>"; };
		FB3656362CD935FF0053D590 /* ViewController.swift */ = {isa = PBXFileReference; lastKnownFileType = sourcecode.swift; path = ViewController.swift; sourceTree = "<group>"; };
		FB3656392CD935FF0053D590 /* Base */ = {isa = PBXFileReference; lastKnownFileType = file.storyboard; name = Base; path = Base.lproj/Main.storyboard; sourceTree = "<group>"; };
		FB36563B2CD935FF0053D590 /* Assets.xcassets */ = {isa = PBXFileReference; lastKnownFileType = folder.assetcatalog; path = Assets.xcassets; sourceTree = "<group>"; };
		FB36563E2CD935FF0053D590 /* Base */ = {isa = PBXFileReference; lastKnownFileType = file.storyboard; name = Base; path = Base.lproj/LaunchScreen.storyboard; sourceTree = "<group>"; };
		FB3656402CD935FF0053D590 /* Info.plist */ = {isa = PBXFileReference; lastKnownFileType = text.plist.xml; path = Info.plist; sourceTree = "<group>"; };
		FB3656452CD935FF0053D590 /* PFTests.xctest */ = {isa = PBXFileReference; explicitFileType = wrapper.cfbundle; includeInIndex = 0; path = PFTests.xctest; sourceTree = BUILT_PRODUCTS_DIR; };
		FB3656492CD935FF0053D590 /* PFTests.swift */ = {isa = PBXFileReference; lastKnownFileType = sourcecode.swift; path = PFTests.swift; sourceTree = "<group>"; };
		FB36564F2CD935FF0053D590 /* PFUITests.xctest */ = {isa = PBXFileReference; explicitFileType = wrapper.cfbundle; includeInIndex = 0; path = PFUITests.xctest; sourceTree = BUILT_PRODUCTS_DIR; };
		FB3656532CD935FF0053D590 /* PFUITests.swift */ = {isa = PBXFileReference; lastKnownFileType = sourcecode.swift; path = PFUITests.swift; sourceTree = "<group>"; };
		FB3656552CD935FF0053D590 /* PFUITestsLaunchTests.swift */ = {isa = PBXFileReference; lastKnownFileType = sourcecode.swift; path = PFUITestsLaunchTests.swift; sourceTree = "<group>"; };
		FBED68202CDE765F00C0FDAA /* Works.swift */ = {isa = PBXFileReference; lastKnownFileType = sourcecode.swift; path = Works.swift; sourceTree = "<group>"; };
		FBED68222CDE776600C0FDAA /* Chapter.swift */ = {isa = PBXFileReference; lastKnownFileType = sourcecode.swift; path = Chapter.swift; sourceTree = "<group>"; };
		FBED68242CDE77AE00C0FDAA /* User.swift */ = {isa = PBXFileReference; lastKnownFileType = sourcecode.swift; path = User.swift; sourceTree = "<group>"; };
		FBED68262CDE7EA500C0FDAA /* Network.swift */ = {isa = PBXFileReference; lastKnownFileType = sourcecode.swift; path = Network.swift; sourceTree = "<group>"; };
		FBED682A2CDE7F1F00C0FDAA /* SearchVM.swift */ = {isa = PBXFileReference; lastKnownFileType = sourcecode.swift; path = SearchVM.swift; sourceTree = "<group>"; };
		FBED682C2CDE80E000C0FDAA /* SearchViewController.swift */ = {isa = PBXFileReference; lastKnownFileType = sourcecode.swift; path = SearchViewController.swift; sourceTree = "<group>"; };
		FBED68302CDE81C300C0FDAA /* ResultsViewController.swift */ = {isa = PBXFileReference; lastKnownFileType = sourcecode.swift; path = ResultsViewController.swift; sourceTree = "<group>"; };
		FBED68322CDE821400C0FDAA /* WorkDetailViewModel.swift */ = {isa = PBXFileReference; lastKnownFileType = sourcecode.swift; path = WorkDetailViewModel.swift; sourceTree = "<group>"; };
		FBED68342CDE827500C0FDAA /* WorkDetailViewController.swift */ = {isa = PBXFileReference; lastKnownFileType = sourcecode.swift; path = WorkDetailViewController.swift; sourceTree = "<group>"; };
/* End PBXFileReference section */

/* Begin PBXFrameworksBuildPhase section */
		FB36562C2CD935FF0053D590 /* Frameworks */ = {
			isa = PBXFrameworksBuildPhase;
			buildActionMask = 2147483647;
			files = (
			);
			runOnlyForDeploymentPostprocessing = 0;
		};
		FB3656422CD935FF0053D590 /* Frameworks */ = {
			isa = PBXFrameworksBuildPhase;
			buildActionMask = 2147483647;
			files = (
			);
			runOnlyForDeploymentPostprocessing = 0;
		};
		FB36564C2CD935FF0053D590 /* Frameworks */ = {
			isa = PBXFrameworksBuildPhase;
			buildActionMask = 2147483647;
			files = (
			);
			runOnlyForDeploymentPostprocessing = 0;
		};
/* End PBXFrameworksBuildPhase section */

/* Begin PBXGroup section */
		FB3656262CD935FF0053D590 = {
			isa = PBXGroup;
			children = (
				FB3656312CD935FF0053D590 /* PF */,
				FB3656482CD935FF0053D590 /* PFTests */,
				FB3656522CD935FF0053D590 /* PFUITests */,
				FB3656302CD935FF0053D590 /* Products */,
			);
			sourceTree = "<group>";
		};
		FB3656302CD935FF0053D590 /* Products */ = {
			isa = PBXGroup;
			children = (
				FB36562F2CD935FF0053D590 /* PF.app */,
				FB3656452CD935FF0053D590 /* PFTests.xctest */,
				FB36564F2CD935FF0053D590 /* PFUITests.xctest */,
			);
			name = Products;
			sourceTree = "<group>";
		};
		FB3656312CD935FF0053D590 /* PF */ = {
			isa = PBXGroup;
			children = (
				FBED68292CDE7F0400C0FDAA /* ViewControllers */,
				FBED68282CDE7EFC00C0FDAA /* ViewModels */,
				FBED681F2CDE75F300C0FDAA /* proveedor */,
				FBED681E2CDE75E100C0FDAA /* Modelos */,
				FB3656322CD935FF0053D590 /* AppDelegate.swift */,
				FB3656342CD935FF0053D590 /* SceneDelegate.swift */,
				FB3656362CD935FF0053D590 /* ViewController.swift */,
				FB3656382CD935FF0053D590 /* Main.storyboard */,
				FB36563B2CD935FF0053D590 /* Assets.xcassets */,
				FB36563D2CD935FF0053D590 /* LaunchScreen.storyboard */,
				FB3656402CD935FF0053D590 /* Info.plist */,
			);
			path = PF;
			sourceTree = "<group>";
		};
		FB3656482CD935FF0053D590 /* PFTests */ = {
			isa = PBXGroup;
			children = (
				FB3656492CD935FF0053D590 /* PFTests.swift */,
			);
			path = PFTests;
			sourceTree = "<group>";
		};
		FB3656522CD935FF0053D590 /* PFUITests */ = {
			isa = PBXGroup;
			children = (
				FB3656532CD935FF0053D590 /* PFUITests.swift */,
				FB3656552CD935FF0053D590 /* PFUITestsLaunchTests.swift */,
			);
			path = PFUITests;
			sourceTree = "<group>";
		};
		FBED681E2CDE75E100C0FDAA /* Modelos */ = {
			isa = PBXGroup;
			children = (
				FBED68202CDE765F00C0FDAA /* Works.swift */,
				FBED68222CDE776600C0FDAA /* Chapter.swift */,
				FBED68242CDE77AE00C0FDAA /* User.swift */,
			);
			path = Modelos;
			sourceTree = "<group>";
		};
		FBED681F2CDE75F300C0FDAA /* proveedor */ = {
			isa = PBXGroup;
			children = (
				FBED68262CDE7EA500C0FDAA /* Network.swift */,
			);
			path = proveedor;
			sourceTree = "<group>";
		};
		FBED68282CDE7EFC00C0FDAA /* ViewModels */ = {
			isa = PBXGroup;
			children = (
				FBED682A2CDE7F1F00C0FDAA /* SearchVM.swift */,
				FBED68322CDE821400C0FDAA /* WorkDetailViewModel.swift */,
			);
			path = ViewModels;
			sourceTree = "<group>";
		};
		FBED68292CDE7F0400C0FDAA /* ViewControllers */ = {
			isa = PBXGroup;
			children = (
				FBED682C2CDE80E000C0FDAA /* SearchViewController.swift */,
				FBED68302CDE81C300C0FDAA /* ResultsViewController.swift */,
				FBED68342CDE827500C0FDAA /* WorkDetailViewController.swift */,
				FB2D10142CE277AA00F68207 /* WorksCollectionCell.swift */,
			);
			path = ViewControllers;
			sourceTree = "<group>";
		};
/* End PBXGroup section */

/* Begin PBXNativeTarget section */
		FB36562E2CD935FF0053D590 /* PF */ = {
			isa = PBXNativeTarget;
			buildConfigurationList = FB3656592CD935FF0053D590 /* Build configuration list for PBXNativeTarget "PF" */;
			buildPhases = (
				FB36562B2CD935FF0053D590 /* Sources */,
				FB36562C2CD935FF0053D590 /* Frameworks */,
				FB36562D2CD935FF0053D590 /* Resources */,
			);
			buildRules = (
			);
			dependencies = (
			);
			name = PF;
			productName = PF;
			productReference = FB36562F2CD935FF0053D590 /* PF.app */;
			productType = "com.apple.product-type.application";
		};
		FB3656442CD935FF0053D590 /* PFTests */ = {
			isa = PBXNativeTarget;
			buildConfigurationList = FB36565C2CD935FF0053D590 /* Build configuration list for PBXNativeTarget "PFTests" */;
			buildPhases = (
				FB3656412CD935FF0053D590 /* Sources */,
				FB3656422CD935FF0053D590 /* Frameworks */,
				FB3656432CD935FF0053D590 /* Resources */,
			);
			buildRules = (
			);
			dependencies = (
				FB3656472CD935FF0053D590 /* PBXTargetDependency */,
			);
			name = PFTests;
			productName = PFTests;
			productReference = FB3656452CD935FF0053D590 /* PFTests.xctest */;
			productType = "com.apple.product-type.bundle.unit-test";
		};
		FB36564E2CD935FF0053D590 /* PFUITests */ = {
			isa = PBXNativeTarget;
			buildConfigurationList = FB36565F2CD935FF0053D590 /* Build configuration list for PBXNativeTarget "PFUITests" */;
			buildPhases = (
				FB36564B2CD935FF0053D590 /* Sources */,
				FB36564C2CD935FF0053D590 /* Frameworks */,
				FB36564D2CD935FF0053D590 /* Resources */,
			);
			buildRules = (
			);
			dependencies = (
				FB3656512CD935FF0053D590 /* PBXTargetDependency */,
			);
			name = PFUITests;
			productName = PFUITests;
			productReference = FB36564F2CD935FF0053D590 /* PFUITests.xctest */;
			productType = "com.apple.product-type.bundle.ui-testing";
		};
/* End PBXNativeTarget section */

/* Begin PBXProject section */
		FB3656272CD935FF0053D590 /* Project object */ = {
			isa = PBXProject;
			attributes = {
				BuildIndependentTargetsInParallel = 1;
				LastSwiftUpdateCheck = 1540;
				LastUpgradeCheck = 1540;
				TargetAttributes = {
					FB36562E2CD935FF0053D590 = {
						CreatedOnToolsVersion = 15.4;
					};
					FB3656442CD935FF0053D590 = {
						CreatedOnToolsVersion = 15.4;
						TestTargetID = FB36562E2CD935FF0053D590;
					};
					FB36564E2CD935FF0053D590 = {
						CreatedOnToolsVersion = 15.4;
						TestTargetID = FB36562E2CD935FF0053D590;
					};
				};
			};
			buildConfigurationList = FB36562A2CD935FF0053D590 /* Build configuration list for PBXProject "PF" */;
			compatibilityVersion = "Xcode 14.0";
			developmentRegion = en;
			hasScannedForEncodings = 0;
			knownRegions = (
				en,
				Base,
			);
			mainGroup = FB3656262CD935FF0053D590;
			productRefGroup = FB3656302CD935FF0053D590 /* Products */;
			projectDirPath = "";
			projectRoot = "";
			targets = (
				FB36562E2CD935FF0053D590 /* PF */,
				FB3656442CD935FF0053D590 /* PFTests */,
				FB36564E2CD935FF0053D590 /* PFUITests */,
			);
		};
/* End PBXProject section */

/* Begin PBXResourcesBuildPhase section */
		FB36562D2CD935FF0053D590 /* Resources */ = {
			isa = PBXResourcesBuildPhase;
			buildActionMask = 2147483647;
			files = (
				FB36563C2CD935FF0053D590 /* Assets.xcassets in Resources */,
				FB36563F2CD935FF0053D590 /* Base in Resources */,
				FB36563A2CD935FF0053D590 /* Base in Resources */,
			);
			runOnlyForDeploymentPostprocessing = 0;
		};
		FB3656432CD935FF0053D590 /* Resources */ = {
			isa = PBXResourcesBuildPhase;
			buildActionMask = 2147483647;
			files = (
			);
			runOnlyForDeploymentPostprocessing = 0;
		};
		FB36564D2CD935FF0053D590 /* Resources */ = {
			isa = PBXResourcesBuildPhase;
			buildActionMask = 2147483647;
			files = (
			);
			runOnlyForDeploymentPostprocessing = 0;
		};
/* End PBXResourcesBuildPhase section */

/* Begin PBXSourcesBuildPhase section */
		FB36562B2CD935FF0053D590 /* Sources */ = {
			isa = PBXSourcesBuildPhase;
			buildActionMask = 2147483647;
			files = (
				FBED68312CDE81C300C0FDAA /* ResultsViewController.swift in Sources */,
				FB3656372CD935FF0053D590 /* ViewController.swift in Sources */,
				FBED68352CDE827500C0FDAA /* WorkDetailViewController.swift in Sources */,
				FBED68332CDE821400C0FDAA /* WorkDetailViewModel.swift in Sources */,
				FBED68232CDE776600C0FDAA /* Chapter.swift in Sources */,
				FBED682B2CDE7F1F00C0FDAA /* SearchVM.swift in Sources */,
				FBED682D2CDE80E000C0FDAA /* SearchViewController.swift in Sources */,
				FB3656332CD935FF0053D590 /* AppDelegate.swift in Sources */,
				FBED68252CDE77AE00C0FDAA /* User.swift in Sources */,
				FBED68212CDE765F00C0FDAA /* Works.swift in Sources */,
				FB2D10152CE277AA00F68207 /* WorksCollectionCell.swift in Sources */,
				FBED68272CDE7EA500C0FDAA /* Network.swift in Sources */,
				FB3656352CD935FF0053D590 /* SceneDelegate.swift in Sources */,
			);
			runOnlyForDeploymentPostprocessing = 0;
		};
		FB3656412CD935FF0053D590 /* Sources */ = {
			isa = PBXSourcesBuildPhase;
			buildActionMask = 2147483647;
			files = (
				FB36564A2CD935FF0053D590 /* PFTests.swift in Sources */,
			);
			runOnlyForDeploymentPostprocessing = 0;
		};
		FB36564B2CD935FF0053D590 /* Sources */ = {
			isa = PBXSourcesBuildPhase;
			buildActionMask = 2147483647;
			files = (
				FB3656562CD935FF0053D590 /* PFUITestsLaunchTests.swift in Sources */,
				FB3656542CD935FF0053D590 /* PFUITests.swift in Sources */,
			);
			runOnlyForDeploymentPostprocessing = 0;
		};
/* End PBXSourcesBuildPhase section */

/* Begin PBXTargetDependency section */
		FB3656472CD935FF0053D590 /* PBXTargetDependency */ = {
			isa = PBXTargetDependency;
			target = FB36562E2CD935FF0053D590 /* PF */;
			targetProxy = FB3656462CD935FF0053D590 /* PBXContainerItemProxy */;
		};
		FB3656512CD935FF0053D590 /* PBXTargetDependency */ = {
			isa = PBXTargetDependency;
			target = FB36562E2CD935FF0053D590 /* PF */;
			targetProxy = FB3656502CD935FF0053D590 /* PBXContainerItemProxy */;
		};
/* End PBXTargetDependency section */

/* Begin PBXVariantGroup section */
		FB3656382CD935FF0053D590 /* Main.storyboard */ = {
			isa = PBXVariantGroup;
			children = (
				FB3656392CD935FF0053D590 /* Base */,
			);
			name = Main.storyboard;
			sourceTree = "<group>";
		};
		FB36563D2CD935FF0053D590 /* LaunchScreen.storyboard */ = {
			isa = PBXVariantGroup;
			children = (
				FB36563E2CD935FF0053D590 /* Base */,
			);
			name = LaunchScreen.storyboard;
			sourceTree = "<group>";
		};
/* End PBXVariantGroup section */

/* Begin XCBuildConfiguration section */
		FB3656572CD935FF0053D590 /* Debug */ = {
			isa = XCBuildConfiguration;
			buildSettings = {
				ALWAYS_SEARCH_USER_PATHS = NO;
				ASSETCATALOG_COMPILER_GENERATE_SWIFT_ASSET_SYMBOL_EXTENSIONS = YES;
				CLANG_ANALYZER_NONNULL = YES;
				CLANG_ANALYZER_NUMBER_OBJECT_CONVERSION = YES_AGGRESSIVE;
				CLANG_CXX_LANGUAGE_STANDARD = "gnu++20";
				CLANG_ENABLE_MODULES = YES;
				CLANG_ENABLE_OBJC_ARC = YES;
				CLANG_ENABLE_OBJC_WEAK = YES;
				CLANG_WARN_BLOCK_CAPTURE_AUTORELEASING = YES;
				CLANG_WARN_BOOL_CONVERSION = YES;
				CLANG_WARN_COMMA = YES;
				CLANG_WARN_CONSTANT_CONVERSION = YES;
				CLANG_WARN_DEPRECATED_OBJC_IMPLEMENTATIONS = YES;
				CLANG_WARN_DIRECT_OBJC_ISA_USAGE = YES_ERROR;
				CLANG_WARN_DOCUMENTATION_COMMENTS = YES;
				CLANG_WARN_EMPTY_BODY = YES;
				CLANG_WARN_ENUM_CONVERSION = YES;
				CLANG_WARN_INFINITE_RECURSION = YES;
				CLANG_WARN_INT_CONVERSION = YES;
				CLANG_WARN_NON_LITERAL_NULL_CONVERSION = YES;
				CLANG_WARN_OBJC_IMPLICIT_RETAIN_SELF = YES;
				CLANG_WARN_OBJC_LITERAL_CONVERSION = YES;
				CLANG_WARN_OBJC_ROOT_CLASS = YES_ERROR;
				CLANG_WARN_QUOTED_INCLUDE_IN_FRAMEWORK_HEADER = YES;
				CLANG_WARN_RANGE_LOOP_ANALYSIS = YES;
				CLANG_WARN_STRICT_PROTOTYPES = YES;
				CLANG_WARN_SUSPICIOUS_MOVE = YES;
				CLANG_WARN_UNGUARDED_AVAILABILITY = YES_AGGRESSIVE;
				CLANG_WARN_UNREACHABLE_CODE = YES;
				CLANG_WARN__DUPLICATE_METHOD_MATCH = YES;
				COPY_PHASE_STRIP = NO;
				DEBUG_INFORMATION_FORMAT = dwarf;
				ENABLE_STRICT_OBJC_MSGSEND = YES;
				ENABLE_TESTABILITY = YES;
				ENABLE_USER_SCRIPT_SANDBOXING = YES;
				GCC_C_LANGUAGE_STANDARD = gnu17;
				GCC_DYNAMIC_NO_PIC = NO;
				GCC_NO_COMMON_BLOCKS = YES;
				GCC_OPTIMIZATION_LEVEL = 0;
				GCC_PREPROCESSOR_DEFINITIONS = (
					"DEBUG=1",
					"$(inherited)",
				);
				GCC_WARN_64_TO_32_BIT_CONVERSION = YES;
				GCC_WARN_ABOUT_RETURN_TYPE = YES_ERROR;
				GCC_WARN_UNDECLARED_SELECTOR = YES;
				GCC_WARN_UNINITIALIZED_AUTOS = YES_AGGRESSIVE;
				GCC_WARN_UNUSED_FUNCTION = YES;
				GCC_WARN_UNUSED_VARIABLE = YES;
				IPHONEOS_DEPLOYMENT_TARGET = 17.5;
				LOCALIZATION_PREFERS_STRING_CATALOGS = YES;
				MTL_ENABLE_DEBUG_INFO = INCLUDE_SOURCE;
				MTL_FAST_MATH = YES;
				ONLY_ACTIVE_ARCH = YES;
				SDKROOT = iphoneos;
				SWIFT_ACTIVE_COMPILATION_CONDITIONS = "DEBUG $(inherited)";
				SWIFT_OPTIMIZATION_LEVEL = "-Onone";
			};
			name = Debug;
		};
		FB3656582CD935FF0053D590 /* Release */ = {
			isa = XCBuildConfiguration;
			buildSettings = {
				ALWAYS_SEARCH_USER_PATHS = NO;
				ASSETCATALOG_COMPILER_GENERATE_SWIFT_ASSET_SYMBOL_EXTENSIONS = YES;
				CLANG_ANALYZER_NONNULL = YES;
				CLANG_ANALYZER_NUMBER_OBJECT_CONVERSION = YES_AGGRESSIVE;
				CLANG_CXX_LANGUAGE_STANDARD = "gnu++20";
				CLANG_ENABLE_MODULES = YES;
				CLANG_ENABLE_OBJC_ARC = YES;
				CLANG_ENABLE_OBJC_WEAK = YES;
				CLANG_WARN_BLOCK_CAPTURE_AUTORELEASING = YES;
				CLANG_WARN_BOOL_CONVERSION = YES;
				CLANG_WARN_COMMA = YES;
				CLANG_WARN_CONSTANT_CONVERSION = YES;
				CLANG_WARN_DEPRECATED_OBJC_IMPLEMENTATIONS = YES;
				CLANG_WARN_DIRECT_OBJC_ISA_USAGE = YES_ERROR;
				CLANG_WARN_DOCUMENTATION_COMMENTS = YES;
				CLANG_WARN_EMPTY_BODY = YES;
				CLANG_WARN_ENUM_CONVERSION = YES;
				CLANG_WARN_INFINITE_RECURSION = YES;
				CLANG_WARN_INT_CONVERSION = YES;
				CLANG_WARN_NON_LITERAL_NULL_CONVERSION = YES;
				CLANG_WARN_OBJC_IMPLICIT_RETAIN_SELF = YES;
				CLANG_WARN_OBJC_LITERAL_CONVERSION = YES;
				CLANG_WARN_OBJC_ROOT_CLASS = YES_ERROR;
				CLANG_WARN_QUOTED_INCLUDE_IN_FRAMEWORK_HEADER = YES;
				CLANG_WARN_RANGE_LOOP_ANALYSIS = YES;
				CLANG_WARN_STRICT_PROTOTYPES = YES;
				CLANG_WARN_SUSPICIOUS_MOVE = YES;
				CLANG_WARN_UNGUARDED_AVAILABILITY = YES_AGGRESSIVE;
				CLANG_WARN_UNREACHABLE_CODE = YES;
				CLANG_WARN__DUPLICATE_METHOD_MATCH = YES;
				COPY_PHASE_STRIP = NO;
				DEBUG_INFORMATION_FORMAT = "dwarf-with-dsym";
				ENABLE_NS_ASSERTIONS = NO;
				ENABLE_STRICT_OBJC_MSGSEND = YES;
				ENABLE_USER_SCRIPT_SANDBOXING = YES;
				GCC_C_LANGUAGE_STANDARD = gnu17;
				GCC_NO_COMMON_BLOCKS = YES;
				GCC_WARN_64_TO_32_BIT_CONVERSION = YES;
				GCC_WARN_ABOUT_RETURN_TYPE = YES_ERROR;
				GCC_WARN_UNDECLARED_SELECTOR = YES;
				GCC_WARN_UNINITIALIZED_AUTOS = YES_AGGRESSIVE;
				GCC_WARN_UNUSED_FUNCTION = YES;
				GCC_WARN_UNUSED_VARIABLE = YES;
				IPHONEOS_DEPLOYMENT_TARGET = 17.5;
				LOCALIZATION_PREFERS_STRING_CATALOGS = YES;
				MTL_ENABLE_DEBUG_INFO = NO;
				MTL_FAST_MATH = YES;
				SDKROOT = iphoneos;
				SWIFT_COMPILATION_MODE = wholemodule;
				VALIDATE_PRODUCT = YES;
			};
			name = Release;
		};
		FB36565A2CD935FF0053D590 /* Debug */ = {
			isa = XCBuildConfiguration;
			buildSettings = {
				ASSETCATALOG_COMPILER_APPICON_NAME = AppIcon;
				ASSETCATALOG_COMPILER_GLOBAL_ACCENT_COLOR_NAME = AccentColor;
				CODE_SIGN_STYLE = Automatic;
				CURRENT_PROJECT_VERSION = 1;
				GENERATE_INFOPLIST_FILE = YES;
				INFOPLIST_FILE = PF/Info.plist;
				INFOPLIST_KEY_CFBundleDisplayName = ArchiveForOwn;
				INFOPLIST_KEY_LSApplicationCategoryType = "public.app-category.books";
				INFOPLIST_KEY_UIApplicationSupportsIndirectInputEvents = YES;
				INFOPLIST_KEY_UILaunchStoryboardName = LaunchScreen;
				INFOPLIST_KEY_UIMainStoryboardFile = Main;
				INFOPLIST_KEY_UISupportedInterfaceOrientations = UIInterfaceOrientationPortrait;
				IPHONEOS_DEPLOYMENT_TARGET = 15.0;
				LD_RUNPATH_SEARCH_PATHS = (
					"$(inherited)",
					"@executable_path/Frameworks",
				);
				MARKETING_VERSION = 1.0;
				PRODUCT_BUNDLE_IDENTIFIER = ddmi.PF;
				PRODUCT_NAME = "$(TARGET_NAME)";
				SWIFT_EMIT_LOC_STRINGS = YES;
				SWIFT_VERSION = 5.0;
				TARGETED_DEVICE_FAMILY = "1,2";
			};
			name = Debug;
		};
		FB36565B2CD935FF0053D590 /* Release */ = {
			isa = XCBuildConfiguration;
			buildSettings = {
				ASSETCATALOG_COMPILER_APPICON_NAME = AppIcon;
				ASSETCATALOG_COMPILER_GLOBAL_ACCENT_COLOR_NAME = AccentColor;
				CODE_SIGN_STYLE = Automatic;
				CURRENT_PROJECT_VERSION = 1;
				GENERATE_INFOPLIST_FILE = YES;
				INFOPLIST_FILE = PF/Info.plist;
				INFOPLIST_KEY_CFBundleDisplayName = ArchiveForOwn;
				INFOPLIST_KEY_LSApplicationCategoryType = "public.app-category.books";
				INFOPLIST_KEY_UIApplicationSupportsIndirectInputEvents = YES;
				INFOPLIST_KEY_UILaunchStoryboardName = LaunchScreen;
				INFOPLIST_KEY_UIMainStoryboardFile = Main;
				INFOPLIST_KEY_UISupportedInterfaceOrientations = UIInterfaceOrientationPortrait;
				IPHONEOS_DEPLOYMENT_TARGET = 15.0;
				LD_RUNPATH_SEARCH_PATHS = (
					"$(inherited)",
					"@executable_path/Frameworks",
				);
				MARKETING_VERSION = 1.0;
				PRODUCT_BUNDLE_IDENTIFIER = ddmi.PF;
				PRODUCT_NAME = "$(TARGET_NAME)";
				SWIFT_EMIT_LOC_STRINGS = YES;
				SWIFT_VERSION = 5.0;
				TARGETED_DEVICE_FAMILY = "1,2";
			};
			name = Release;
		};
		FB36565D2CD935FF0053D590 /* Debug */ = {
			isa = XCBuildConfiguration;
			buildSettings = {
				ALWAYS_EMBED_SWIFT_STANDARD_LIBRARIES = YES;
				BUNDLE_LOADER = "$(TEST_HOST)";
				CODE_SIGN_STYLE = Automatic;
				CURRENT_PROJECT_VERSION = 1;
				GENERATE_INFOPLIST_FILE = YES;
				IPHONEOS_DEPLOYMENT_TARGET = 17.5;
				MARKETING_VERSION = 1.0;
				PRODUCT_BUNDLE_IDENTIFIER = ddmi.PFTests;
				PRODUCT_NAME = "$(TARGET_NAME)";
				SWIFT_EMIT_LOC_STRINGS = NO;
				SWIFT_VERSION = 5.0;
				TARGETED_DEVICE_FAMILY = "1,2";
				TEST_HOST = "$(BUILT_PRODUCTS_DIR)/PF.app/$(BUNDLE_EXECUTABLE_FOLDER_PATH)/PF";
			};
			name = Debug;
		};
		FB36565E2CD935FF0053D590 /* Release */ = {
			isa = XCBuildConfiguration;
			buildSettings = {
				ALWAYS_EMBED_SWIFT_STANDARD_LIBRARIES = YES;
				BUNDLE_LOADER = "$(TEST_HOST)";
				CODE_SIGN_STYLE = Automatic;
				CURRENT_PROJECT_VERSION = 1;
				GENERATE_INFOPLIST_FILE = YES;
				IPHONEOS_DEPLOYMENT_TARGET = 17.5;
				MARKETING_VERSION = 1.0;
				PRODUCT_BUNDLE_IDENTIFIER = ddmi.PFTests;
				PRODUCT_NAME = "$(TARGET_NAME)";
				SWIFT_EMIT_LOC_STRINGS = NO;
				SWIFT_VERSION = 5.0;
				TARGETED_DEVICE_FAMILY = "1,2";
				TEST_HOST = "$(BUILT_PRODUCTS_DIR)/PF.app/$(BUNDLE_EXECUTABLE_FOLDER_PATH)/PF";
			};
			name = Release;
		};
		FB3656602CD935FF0053D590 /* Debug */ = {
			isa = XCBuildConfiguration;
			buildSettings = {
				ALWAYS_EMBED_SWIFT_STANDARD_LIBRARIES = YES;
				CODE_SIGN_STYLE = Automatic;
				CURRENT_PROJECT_VERSION = 1;
				GENERATE_INFOPLIST_FILE = YES;
				MARKETING_VERSION = 1.0;
				PRODUCT_BUNDLE_IDENTIFIER = ddmi.PFUITests;
				PRODUCT_NAME = "$(TARGET_NAME)";
				SWIFT_EMIT_LOC_STRINGS = NO;
				SWIFT_VERSION = 5.0;
				TARGETED_DEVICE_FAMILY = "1,2";
				TEST_TARGET_NAME = PF;
			};
			name = Debug;
		};
		FB3656612CD935FF0053D590 /* Release */ = {
			isa = XCBuildConfiguration;
			buildSettings = {
				ALWAYS_EMBED_SWIFT_STANDARD_LIBRARIES = YES;
				CODE_SIGN_STYLE = Automatic;
				CURRENT_PROJECT_VERSION = 1;
				GENERATE_INFOPLIST_FILE = YES;
				MARKETING_VERSION = 1.0;
				PRODUCT_BUNDLE_IDENTIFIER = ddmi.PFUITests;
				PRODUCT_NAME = "$(TARGET_NAME)";
				SWIFT_EMIT_LOC_STRINGS = NO;
				SWIFT_VERSION = 5.0;
				TARGETED_DEVICE_FAMILY = "1,2";
				TEST_TARGET_NAME = PF;
			};
			name = Release;
		};
/* End XCBuildConfiguration section */

/* Begin XCConfigurationList section */
		FB36562A2CD935FF0053D590 /* Build configuration list for PBXProject "PF" */ = {
			isa = XCConfigurationList;
			buildConfigurations = (
				FB3656572CD935FF0053D590 /* Debug */,
				FB3656582CD935FF0053D590 /* Release */,
			);
			defaultConfigurationIsVisible = 0;
			defaultConfigurationName = Release;
		};
		FB3656592CD935FF0053D590 /* Build configuration list for PBXNativeTarget "PF" */ = {
			isa = XCConfigurationList;
			buildConfigurations = (
				FB36565A2CD935FF0053D590 /* Debug */,
				FB36565B2CD935FF0053D590 /* Release */,
			);
			defaultConfigurationIsVisible = 0;
			defaultConfigurationName = Release;
		};
		FB36565C2CD935FF0053D590 /* Build configuration list for PBXNativeTarget "PFTests" */ = {
			isa = XCConfigurationList;
			buildConfigurations = (
				FB36565D2CD935FF0053D590 /* Debug */,
				FB36565E2CD935FF0053D590 /* Release */,
			);
			defaultConfigurationIsVisible = 0;
			defaultConfigurationName = Release;
		};
		FB36565F2CD935FF0053D590 /* Build configuration list for PBXNativeTarget "PFUITests" */ = {
			isa = XCConfigurationList;
			buildConfigurations = (
				FB3656602CD935FF0053D590 /* Debug */,
				FB3656612CD935FF0053D590 /* Release */,
			);
			defaultConfigurationIsVisible = 0;
			defaultConfigurationName = Release;
		};
/* End XCConfigurationList section */
	};
	rootObject = FB3656272CD935FF0053D590 /* Project object */;
}
